Microsoft Visual Studio Solution File, Format Version 12.00
# Visual Studio Version 17
VisualStudioVersion = 17.5.2.0
MinimumVisualStudioVersion = 10.0.40219.1
Project("{FAE04EC0-301F-11D3-BF4B-00C04F79EFBC}") = "HospitalManagementApplication", "HospitalManagementApplication.csproj", "{DBD1C6C3-0CF8-7BA8-7167-14E536C8298A}"
EndProject
Global
	GlobalSection(SolutionConfigurationPlatforms) = preSolution
		Debug|Any CPU = Debug|Any CPU
		Release|Any CPU = Release|Any CPU
	EndGlobalSection
	GlobalSection(ProjectConfigurationPlatforms) = postSolution
		{DBD1C6C3-0CF8-7BA8-7167-14E536C8298A}.Debug|Any CPU.ActiveCfg = Debug|Any CPU
		{DBD1C6C3-0CF8-7BA8-7167-14E536C8298A}.Debug|Any CPU.Build.0 = Debug|Any CPU
		{DBD1C6C3-0CF8-7BA8-7167-14E536C8298A}.Release|Any CPU.ActiveCfg = Release|Any CPU
		{DBD1C6C3-0CF8-7BA8-7167-14E536C8298A}.Release|Any CPU.Build.0 = Release|Any CPU
	EndGlobalSection
	GlobalSection(SolutionProperties) = preSolution
		HideSolutionNode = FALSE
	EndGlobalSection
	GlobalSection(ExtensibilityGlobals) = postSolution
		SolutionGuid = {DAB78C50-C184-4BC8-AA97-41F0C091C39F}
	EndGlobalSection
EndGlobal
